// !$*UTF8*$!
{
	archiveVersion = 1;
	classes = {
	};
	objectVersion = 56;
	objects = {

/* Begin PBXBuildFile section */
		BD2E95D02A0C3050007952A8 /* OnboardingViewController.swift in Sources */ = {isa = PBXBuildFile; fileRef = BD2E95CF2A0C3050007952A8 /* OnboardingViewController.swift */; };
		BD2E95D52A0CF746007952A8 /* OnboardingCollectionViewCell.swift in Sources */ = {isa = PBXBuildFile; fileRef = BD2E95D42A0CF746007952A8 /* OnboardingCollectionViewCell.swift */; };
		BD4348A32A0C280700D77377 /* AppDelegate.swift in Sources */ = {isa = PBXBuildFile; fileRef = BD4348A22A0C280700D77377 /* AppDelegate.swift */; };
		BD4348A52A0C280700D77377 /* SceneDelegate.swift in Sources */ = {isa = PBXBuildFile; fileRef = BD4348A42A0C280700D77377 /* SceneDelegate.swift */; };
		BD4348A72A0C280700D77377 /* PreloaderViewController.swift in Sources */ = {isa = PBXBuildFile; fileRef = BD4348A62A0C280700D77377 /* PreloaderViewController.swift */; };
		BD4348AA2A0C280700D77377 /* Main.storyboard in Resources */ = {isa = PBXBuildFile; fileRef = BD4348A82A0C280700D77377 /* Main.storyboard */; };
		BD4348AC2A0C280900D77377 /* Assets.xcassets in Resources */ = {isa = PBXBuildFile; fileRef = BD4348AB2A0C280900D77377 /* Assets.xcassets */; };
		BD4348AF2A0C280900D77377 /* LaunchScreen.storyboard in Resources */ = {isa = PBXBuildFile; fileRef = BD4348AD2A0C280900D77377 /* LaunchScreen.storyboard */; };
		BD5F746B2A12BD39005C192A /* SettingsTableViewCell.swift in Sources */ = {isa = PBXBuildFile; fileRef = BD5F74692A12BD39005C192A /* SettingsTableViewCell.swift */; };
		BD5F746C2A12BD39005C192A /* SettingsTableViewCell.xib in Resources */ = {isa = PBXBuildFile; fileRef = BD5F746A2A12BD39005C192A /* SettingsTableViewCell.xib */; };
		BD7F43D52A0ECFF900391EFA /* LocationCollectionViewCell.swift in Sources */ = {isa = PBXBuildFile; fileRef = BD7F43D32A0ECFF900391EFA /* LocationCollectionViewCell.swift */; };
		BD7F43D62A0ECFF900391EFA /* LocationCollectionViewCell.xib in Resources */ = {isa = PBXBuildFile; fileRef = BD7F43D42A0ECFF900391EFA /* LocationCollectionViewCell.xib */; };
		BD7F43D82A0EDEC000391EFA /* DetailViewController.swift in Sources */ = {isa = PBXBuildFile; fileRef = BD7F43D72A0EDEC000391EFA /* DetailViewController.swift */; };
		BDA3B8602A0E3001002A1094 /* JockeyOne-Regular.ttf in Resources */ = {isa = PBXBuildFile; fileRef = BDA3B85F2A0E3001002A1094 /* JockeyOne-Regular.ttf */; };
		BDA3B8672A0E36DA002A1094 /* Constants.swift in Sources */ = {isa = PBXBuildFile; fileRef = BDA3B8662A0E36DA002A1094 /* Constants.swift */; };
		BDA3B8692A0E3FB4002A1094 /* MainViewController.swift in Sources */ = {isa = PBXBuildFile; fileRef = BDA3B8682A0E3FB4002A1094 /* MainViewController.swift */; };
		BDA3B86B2A0E5A14002A1094 /* SettingsViewController.swift in Sources */ = {isa = PBXBuildFile; fileRef = BDA3B86A2A0E5A14002A1094 /* SettingsViewController.swift */; };
		BDA3B86D2A0E7081002A1094 /* DailyViewController.swift in Sources */ = {isa = PBXBuildFile; fileRef = BDA3B86C2A0E7081002A1094 /* DailyViewController.swift */; };
/* End PBXBuildFile section */

/* Begin PBXFileReference section */
		BD2E95CF2A0C3050007952A8 /* OnboardingViewController.swift */ = {isa = PBXFileReference; lastKnownFileType = sourcecode.swift; path = OnboardingViewController.swift; sourceTree = "<group>"; };
		BD2E95D42A0CF746007952A8 /* OnboardingCollectionViewCell.swift */ = {isa = PBXFileReference; lastKnownFileType = sourcecode.swift; path = OnboardingCollectionViewCell.swift; sourceTree = "<group>"; };
		BD43489F2A0C280700D77377 /* CresusApp.app */ = {isa = PBXFileReference; explicitFileType = wrapper.application; includeInIndex = 0; path = CresusApp.app; sourceTree = BUILT_PRODUCTS_DIR; };
		BD4348A22A0C280700D77377 /* AppDelegate.swift */ = {isa = PBXFileReference; lastKnownFileType = sourcecode.swift; path = AppDelegate.swift; sourceTree = "<group>"; };
		BD4348A42A0C280700D77377 /* SceneDelegate.swift */ = {isa = PBXFileReference; lastKnownFileType = sourcecode.swift; path = SceneDelegate.swift; sourceTree = "<group>"; };
		BD4348A62A0C280700D77377 /* PreloaderViewController.swift */ = {isa = PBXFileReference; lastKnownFileType = sourcecode.swift; path = PreloaderViewController.swift; sourceTree = "<group>"; };
		BD4348A92A0C280700D77377 /* Base */ = {isa = PBXFileReference; lastKnownFileType = file.storyboard; name = Base; path = Base.lproj/Main.storyboard; sourceTree = "<group>"; };
		BD4348AB2A0C280900D77377 /* Assets.xcassets */ = {isa = PBXFileReference; lastKnownFileType = folder.assetcatalog; path = Assets.xcassets; sourceTree = "<group>"; };
		BD4348AE2A0C280900D77377 /* Base */ = {isa = PBXFileReference; lastKnownFileType = file.storyboard; name = Base; path = Base.lproj/LaunchScreen.storyboard; sourceTree = "<group>"; };
		BD4348B02A0C280900D77377 /* Info.plist */ = {isa = PBXFileReference; lastKnownFileType = text.plist.xml; path = Info.plist; sourceTree = "<group>"; };
		BD5F74692A12BD39005C192A /* SettingsTableViewCell.swift */ = {isa = PBXFileReference; lastKnownFileType = sourcecode.swift; path = SettingsTableViewCell.swift; sourceTree = "<group>"; };
		BD5F746A2A12BD39005C192A /* SettingsTableViewCell.xib */ = {isa = PBXFileReference; lastKnownFileType = file.xib; path = SettingsTableViewCell.xib; sourceTree = "<group>"; };
		BD7F43D32A0ECFF900391EFA /* LocationCollectionViewCell.swift */ = {isa = PBXFileReference; lastKnownFileType = sourcecode.swift; path = LocationCollectionViewCell.swift; sourceTree = "<group>"; };
		BD7F43D42A0ECFF900391EFA /* LocationCollectionViewCell.xib */ = {isa = PBXFileReference; lastKnownFileType = file.xib; path = LocationCollectionViewCell.xib; sourceTree = "<group>"; };
		BD7F43D72A0EDEC000391EFA /* DetailViewController.swift */ = {isa = PBXFileReference; lastKnownFileType = sourcecode.swift; path = DetailViewController.swift; sourceTree = "<group>"; };
		BDA3B85F2A0E3001002A1094 /* JockeyOne-Regular.ttf */ = {isa = PBXFileReference; lastKnownFileType = file; path = "JockeyOne-Regular.ttf"; sourceTree = "<group>"; };
		BDA3B8662A0E36DA002A1094 /* Constants.swift */ = {isa = PBXFileReference; lastKnownFileType = sourcecode.swift; path = Constants.swift; sourceTree = "<group>"; };
		BDA3B8682A0E3FB4002A1094 /* MainViewController.swift */ = {isa = PBXFileReference; lastKnownFileType = sourcecode.swift; path = MainViewController.swift; sourceTree = "<group>"; };
		BDA3B86A2A0E5A14002A1094 /* SettingsViewController.swift */ = {isa = PBXFileReference; lastKnownFileType = sourcecode.swift; path = SettingsViewController.swift; sourceTree = "<group>"; };
		BDA3B86C2A0E7081002A1094 /* DailyViewController.swift */ = {isa = PBXFileReference; lastKnownFileType = sourcecode.swift; path = DailyViewController.swift; sourceTree = "<group>"; };
/* End PBXFileReference section */

/* Begin PBXFrameworksBuildPhase section */
		BD43489C2A0C280700D77377 /* Frameworks */ = {
			isa = PBXFrameworksBuildPhase;
			buildActionMask = 2147483647;
			files = (
			);
			runOnlyForDeploymentPostprocessing = 0;
		};
/* End PBXFrameworksBuildPhase section */

/* Begin PBXGroup section */
		BD2E95D12A0CF143007952A8 /* Models */ = {
			isa = PBXGroup;
			children = (
			);
			path = Models;
			sourceTree = "<group>";
		};
		BD2E95D22A0CF14A007952A8 /* Views */ = {
			isa = PBXGroup;
			children = (
				BD5F74682A12BD12005C192A /* tableCell */,
				BD4348A82A0C280700D77377 /* Main.storyboard */,
				BD2E95D42A0CF746007952A8 /* OnboardingCollectionViewCell.swift */,
				BD7F43D32A0ECFF900391EFA /* LocationCollectionViewCell.swift */,
				BD7F43D42A0ECFF900391EFA /* LocationCollectionViewCell.xib */,
			);
			path = Views;
			sourceTree = "<group>";
		};
		BD2E95D32A0CF151007952A8 /* Controllers */ = {
			isa = PBXGroup;
			children = (
				BD4348A62A0C280700D77377 /* PreloaderViewController.swift */,
				BD7F43D72A0EDEC000391EFA /* DetailViewController.swift */,
				BDA3B86A2A0E5A14002A1094 /* SettingsViewController.swift */,
				BDA3B8682A0E3FB4002A1094 /* MainViewController.swift */,
				BD2E95CF2A0C3050007952A8 /* OnboardingViewController.swift */,
				BDA3B86C2A0E7081002A1094 /* DailyViewController.swift */,
			);
			path = Controllers;
			sourceTree = "<group>";
		};
		BD4348962A0C280700D77377 = {
			isa = PBXGroup;
			children = (
				BD4348A12A0C280700D77377 /* CresusApp */,
				BD4348A02A0C280700D77377 /* Products */,
			);
			sourceTree = "<group>";
		};
		BD4348A02A0C280700D77377 /* Products */ = {
			isa = PBXGroup;
			children = (
				BD43489F2A0C280700D77377 /* CresusApp.app */,
			);
			name = Products;
			sourceTree = "<group>";
		};
		BD4348A12A0C280700D77377 /* CresusApp */ = {
			isa = PBXGroup;
			children = (
				BDA3B8632A0E33D2002A1094 /* Application */,
				BDA3B8612A0E30F1002A1094 /* Helpers */,
				BD2E95D32A0CF151007952A8 /* Controllers */,
				BD2E95D22A0CF14A007952A8 /* Views */,
				BD2E95D12A0CF143007952A8 /* Models */,
				BD4348AB2A0C280900D77377 /* Assets.xcassets */,
				BD4348AD2A0C280900D77377 /* LaunchScreen.storyboard */,
				BD4348B02A0C280900D77377 /* Info.plist */,
				BDA3B8642A0E3401002A1094 /* Resources */,
			);
			path = CresusApp;
			sourceTree = "<group>";
		};
		BD5F74682A12BD12005C192A /* tableCell */ = {
			isa = PBXGroup;
			children = (
				BD5F74692A12BD39005C192A /* SettingsTableViewCell.swift */,
				BD5F746A2A12BD39005C192A /* SettingsTableViewCell.xib */,
			);
			path = tableCell;
			sourceTree = "<group>";
		};
		BDA3B8612A0E30F1002A1094 /* Helpers */ = {
			isa = PBXGroup;
			children = (
				BDA3B8622A0E30F9002A1094 /* Fonts */,
				BDA3B8662A0E36DA002A1094 /* Constants.swift */,
			);
			path = Helpers;
			sourceTree = "<group>";
		};
		BDA3B8622A0E30F9002A1094 /* Fonts */ = {
			isa = PBXGroup;
			children = (
				BDA3B85F2A0E3001002A1094 /* JockeyOne-Regular.ttf */,
			);
			path = Fonts;
			sourceTree = "<group>";
		};
		BDA3B8632A0E33D2002A1094 /* Application */ = {
			isa = PBXGroup;
			children = (
				BD4348A22A0C280700D77377 /* AppDelegate.swift */,
				BD4348A42A0C280700D77377 /* SceneDelegate.swift */,
			);
			path = Application;
			sourceTree = "<group>";
		};
		BDA3B8642A0E3401002A1094 /* Resources */ = {
			isa = PBXGroup;
			children = (
			);
			path = Resources;
			sourceTree = "<group>";
		};
/* End PBXGroup section */

/* Begin PBXNativeTarget section */
		BD43489E2A0C280700D77377 /* CresusApp */ = {
			isa = PBXNativeTarget;
			buildConfigurationList = BD4348B32A0C280900D77377 /* Build configuration list for PBXNativeTarget "CresusApp" */;
			buildPhases = (
				BD43489B2A0C280700D77377 /* Sources */,
				BD43489C2A0C280700D77377 /* Frameworks */,
				BD43489D2A0C280700D77377 /* Resources */,
			);
			buildRules = (
			);
			dependencies = (
			);
			name = CresusApp;
			productName = CresusApp;
			productReference = BD43489F2A0C280700D77377 /* CresusApp.app */;
			productType = "com.apple.product-type.application";
		};
/* End PBXNativeTarget section */

/* Begin PBXProject section */
		BD4348972A0C280700D77377 /* Project object */ = {
			isa = PBXProject;
			attributes = {
				BuildIndependentTargetsInParallel = 1;
				LastSwiftUpdateCheck = 1430;
				LastUpgradeCheck = 1430;
				TargetAttributes = {
					BD43489E2A0C280700D77377 = {
						CreatedOnToolsVersion = 14.3;
					};
				};
			};
			buildConfigurationList = BD43489A2A0C280700D77377 /* Build configuration list for PBXProject "CresusApp" */;
			compatibilityVersion = "Xcode 14.0";
			developmentRegion = en;
			hasScannedForEncodings = 0;
			knownRegions = (
				en,
				Base,
			);
			mainGroup = BD4348962A0C280700D77377;
			productRefGroup = BD4348A02A0C280700D77377 /* Products */;
			projectDirPath = "";
			projectRoot = "";
			targets = (
				BD43489E2A0C280700D77377 /* CresusApp */,
			);
		};
/* End PBXProject section */

/* Begin PBXResourcesBuildPhase section */
		BD43489D2A0C280700D77377 /* Resources */ = {
			isa = PBXResourcesBuildPhase;
			buildActionMask = 2147483647;
			files = (
				BD5F746C2A12BD39005C192A /* SettingsTableViewCell.xib in Resources */,
				BD4348AF2A0C280900D77377 /* LaunchScreen.storyboard in Resources */,
				BD7F43D62A0ECFF900391EFA /* LocationCollectionViewCell.xib in Resources */,
				BD4348AC2A0C280900D77377 /* Assets.xcassets in Resources */,
				BD4348AA2A0C280700D77377 /* Main.storyboard in Resources */,
				BDA3B8602A0E3001002A1094 /* JockeyOne-Regular.ttf in Resources */,
			);
			runOnlyForDeploymentPostprocessing = 0;
		};
/* End PBXResourcesBuildPhase section */

/* Begin PBXSourcesBuildPhase section */
		BD43489B2A0C280700D77377 /* Sources */ = {
			isa = PBXSourcesBuildPhase;
			buildActionMask = 2147483647;
			files = (
				BD7F43D82A0EDEC000391EFA /* DetailViewController.swift in Sources */,
				BDA3B8692A0E3FB4002A1094 /* MainViewController.swift in Sources */,
				BD5F746B2A12BD39005C192A /* SettingsTableViewCell.swift in Sources */,
				BD4348A72A0C280700D77377 /* PreloaderViewController.swift in Sources */,
				BD7F43D52A0ECFF900391EFA /* LocationCollectionViewCell.swift in Sources */,
				BDA3B86D2A0E7081002A1094 /* DailyViewController.swift in Sources */,
				BD4348A32A0C280700D77377 /* AppDelegate.swift in Sources */,
				BD2E95D52A0CF746007952A8 /* OnboardingCollectionViewCell.swift in Sources */,
				BD4348A52A0C280700D77377 /* SceneDelegate.swift in Sources */,
				BD2E95D02A0C3050007952A8 /* OnboardingViewController.swift in Sources */,
				BDA3B8672A0E36DA002A1094 /* Constants.swift in Sources */,
				BDA3B86B2A0E5A14002A1094 /* SettingsViewController.swift in Sources */,
			);
			runOnlyForDeploymentPostprocessing = 0;
		};
/* End PBXSourcesBuildPhase section */

/* Begin PBXVariantGroup section */
		BD4348A82A0C280700D77377 /* Main.storyboard */ = {
			isa = PBXVariantGroup;
			children = (
				BD4348A92A0C280700D77377 /* Base */,
			);
			name = Main.storyboard;
			sourceTree = "<group>";
		};
		BD4348AD2A0C280900D77377 /* LaunchScreen.storyboard */ = {
			isa = PBXVariantGroup;
			children = (
				BD4348AE2A0C280900D77377 /* Base */,
			);
			name = LaunchScreen.storyboard;
			sourceTree = "<group>";
		};
/* End PBXVariantGroup section */

/* Begin XCBuildConfiguration section */
		BD4348B12A0C280900D77377 /* Debug */ = {
			isa = XCBuildConfiguration;
			buildSettings = {
				ALWAYS_SEARCH_USER_PATHS = NO;
				CLANG_ANALYZER_NONNULL = YES;
				CLANG_ANALYZER_NUMBER_OBJECT_CONVERSION = YES_AGGRESSIVE;
				CLANG_CXX_LANGUAGE_STANDARD = "gnu++20";
				CLANG_ENABLE_MODULES = YES;
				CLANG_ENABLE_OBJC_ARC = YES;
				CLANG_ENABLE_OBJC_WEAK = YES;
				CLANG_WARN_BLOCK_CAPTURE_AUTORELEASING = YES;
				CLANG_WARN_BOOL_CONVERSION = YES;
				CLANG_WARN_COMMA = YES;
				CLANG_WARN_CONSTANT_CONVERSION = YES;
				CLANG_WARN_DEPRECATED_OBJC_IMPLEMENTATIONS = YES;
				CLANG_WARN_DIRECT_OBJC_ISA_USAGE = YES_ERROR;
				CLANG_WARN_DOCUMENTATION_COMMENTS = YES;
				CLANG_WARN_EMPTY_BODY = YES;
				CLANG_WARN_ENUM_CONVERSION = YES;
				CLANG_WARN_INFINITE_RECURSION = YES;
				CLANG_WARN_INT_CONVERSION = YES;
				CLANG_WARN_NON_LITERAL_NULL_CONVERSION = YES;
				CLANG_WARN_OBJC_IMPLICIT_RETAIN_SELF = YES;
				CLANG_WARN_OBJC_LITERAL_CONVERSION = YES;
				CLANG_WARN_OBJC_ROOT_CLASS = YES_ERROR;
				CLANG_WARN_QUOTED_INCLUDE_IN_FRAMEWORK_HEADER = YES;
				CLANG_WARN_RANGE_LOOP_ANALYSIS = YES;
				CLANG_WARN_STRICT_PROTOTYPES = YES;
				CLANG_WARN_SUSPICIOUS_MOVE = YES;
				CLANG_WARN_UNGUARDED_AVAILABILITY = YES_AGGRESSIVE;
				CLANG_WARN_UNREACHABLE_CODE = YES;
				CLANG_WARN__DUPLICATE_METHOD_MATCH = YES;
				COPY_PHASE_STRIP = NO;
				DEBUG_INFORMATION_FORMAT = dwarf;
				ENABLE_STRICT_OBJC_MSGSEND = YES;
				ENABLE_TESTABILITY = YES;
				GCC_C_LANGUAGE_STANDARD = gnu11;
				GCC_DYNAMIC_NO_PIC = NO;
				GCC_NO_COMMON_BLOCKS = YES;
				GCC_OPTIMIZATION_LEVEL = 0;
				GCC_PREPROCESSOR_DEFINITIONS = (
					"DEBUG=1",
					"$(inherited)",
				);
				GCC_WARN_64_TO_32_BIT_CONVERSION = YES;
				GCC_WARN_ABOUT_RETURN_TYPE = YES_ERROR;
				GCC_WARN_UNDECLARED_SELECTOR = YES;
				GCC_WARN_UNINITIALIZED_AUTOS = YES_AGGRESSIVE;
				GCC_WARN_UNUSED_FUNCTION = YES;
				GCC_WARN_UNUSED_VARIABLE = YES;
				IPHONEOS_DEPLOYMENT_TARGET = 16.4;
				MTL_ENABLE_DEBUG_INFO = INCLUDE_SOURCE;
				MTL_FAST_MATH = YES;
				ONLY_ACTIVE_ARCH = YES;
				SDKROOT = iphoneos;
				SWIFT_ACTIVE_COMPILATION_CONDITIONS = DEBUG;
				SWIFT_OPTIMIZATION_LEVEL = "-Onone";
			};
			name = Debug;
		};
		BD4348B22A0C280900D77377 /* Release */ = {
			isa = XCBuildConfiguration;
			buildSettings = {
				ALWAYS_SEARCH_USER_PATHS = NO;
				CLANG_ANALYZER_NONNULL = YES;
				CLANG_ANALYZER_NUMBER_OBJECT_CONVERSION = YES_AGGRESSIVE;
				CLANG_CXX_LANGUAGE_STANDARD = "gnu++20";
				CLANG_ENABLE_MODULES = YES;
				CLANG_ENABLE_OBJC_ARC = YES;
				CLANG_ENABLE_OBJC_WEAK = YES;
				CLANG_WARN_BLOCK_CAPTURE_AUTORELEASING = YES;
				CLANG_WARN_BOOL_CONVERSION = YES;
				CLANG_WARN_COMMA = YES;
				CLANG_WARN_CONSTANT_CONVERSION = YES;
				CLANG_WARN_DEPRECATED_OBJC_IMPLEMENTATIONS = YES;
				CLANG_WARN_DIRECT_OBJC_ISA_USAGE = YES_ERROR;
				CLANG_WARN_DOCUMENTATION_COMMENTS = YES;
				CLANG_WARN_EMPTY_BODY = YES;
				CLANG_WARN_ENUM_CONVERSION = YES;
				CLANG_WARN_INFINITE_RECURSION = YES;
				CLANG_WARN_INT_CONVERSION = YES;
				CLANG_WARN_NON_LITERAL_NULL_CONVERSION = YES;
				CLANG_WARN_OBJC_IMPLICIT_RETAIN_SELF = YES;
				CLANG_WARN_OBJC_LITERAL_CONVERSION = YES;
				CLANG_WARN_OBJC_ROOT_CLASS = YES_ERROR;
				CLANG_WARN_QUOTED_INCLUDE_IN_FRAMEWORK_HEADER = YES;
				CLANG_WARN_RANGE_LOOP_ANALYSIS = YES;
				CLANG_WARN_STRICT_PROTOTYPES = YES;
				CLANG_WARN_SUSPICIOUS_MOVE = YES;
				CLANG_WARN_UNGUARDED_AVAILABILITY = YES_AGGRESSIVE;
				CLANG_WARN_UNREACHABLE_CODE = YES;
				CLANG_WARN__DUPLICATE_METHOD_MATCH = YES;
				COPY_PHASE_STRIP = NO;
				DEBUG_INFORMATION_FORMAT = "dwarf-with-dsym";
				ENABLE_NS_ASSERTIONS = NO;
				ENABLE_STRICT_OBJC_MSGSEND = YES;
				GCC_C_LANGUAGE_STANDARD = gnu11;
				GCC_NO_COMMON_BLOCKS = YES;
				GCC_WARN_64_TO_32_BIT_CONVERSION = YES;
				GCC_WARN_ABOUT_RETURN_TYPE = YES_ERROR;
				GCC_WARN_UNDECLARED_SELECTOR = YES;
				GCC_WARN_UNINITIALIZED_AUTOS = YES_AGGRESSIVE;
				GCC_WARN_UNUSED_FUNCTION = YES;
				GCC_WARN_UNUSED_VARIABLE = YES;
				IPHONEOS_DEPLOYMENT_TARGET = 16.4;
				MTL_ENABLE_DEBUG_INFO = NO;
				MTL_FAST_MATH = YES;
				SDKROOT = iphoneos;
				SWIFT_COMPILATION_MODE = wholemodule;
				SWIFT_OPTIMIZATION_LEVEL = "-O";
				VALIDATE_PRODUCT = YES;
			};
			name = Release;
		};
		BD4348B42A0C280900D77377 /* Debug */ = {
			isa = XCBuildConfiguration;
			buildSettings = {
				ASSETCATALOG_COMPILER_APPICON_NAME = AppIcon;
				ASSETCATALOG_COMPILER_GLOBAL_ACCENT_COLOR_NAME = AccentColor;
				CODE_SIGN_STYLE = Automatic;
				CURRENT_PROJECT_VERSION = 1;
				DEVELOPMENT_TEAM = 6R59JHT6PY;
				GENERATE_INFOPLIST_FILE = YES;
				INFOPLIST_FILE = CresusApp/Info.plist;
				INFOPLIST_KEY_UIApplicationSupportsIndirectInputEvents = YES;
				INFOPLIST_KEY_UILaunchStoryboardName = LaunchScreen;
				INFOPLIST_KEY_UIMainStoryboardFile = Main;
				INFOPLIST_KEY_UISupportedInterfaceOrientations_iPad = "UIInterfaceOrientationPortrait UIInterfaceOrientationPortraitUpsideDown UIInterfaceOrientationLandscapeLeft UIInterfaceOrientationLandscapeRight";
				INFOPLIST_KEY_UISupportedInterfaceOrientations_iPhone = "UIInterfaceOrientationPortrait UIInterfaceOrientationLandscapeLeft UIInterfaceOrientationLandscapeRight";
				LD_RUNPATH_SEARCH_PATHS = (
					"$(inherited)",
					"@executable_path/Frameworks",
				);
				MARKETING_VERSION = 1.0;
				PRODUCT_BUNDLE_IDENTIFIER = Cresus.CresusApp;
				PRODUCT_NAME = "$(TARGET_NAME)";
				SWIFT_EMIT_LOC_STRINGS = YES;
				SWIFT_VERSION = 5.0;
				TARGETED_DEVICE_FAMILY = "1,2";
			};
			name = Debug;
		};
		BD4348B52A0C280900D77377 /* Release */ = {
			isa = XCBuildConfiguration;
			buildSettings = {
				ASSETCATALOG_COMPILER_APPICON_NAME = AppIcon;
				ASSETCATALOG_COMPILER_GLOBAL_ACCENT_COLOR_NAME = AccentColor;
				CODE_SIGN_STYLE = Automatic;
				CURRENT_PROJECT_VERSION = 1;
				DEVELOPMENT_TEAM = 6R59JHT6PY;
				GENERATE_INFOPLIST_FILE = YES;
				INFOPLIST_FILE = CresusApp/Info.plist;
				INFOPLIST_KEY_UIApplicationSupportsIndirectInputEvents = YES;
				INFOPLIST_KEY_UILaunchStoryboardName = LaunchScreen;
				INFOPLIST_KEY_UIMainStoryboardFile = Main;
				INFOPLIST_KEY_UISupportedInterfaceOrientations_iPad = "UIInterfaceOrientationPortrait UIInterfaceOrientationPortraitUpsideDown UIInterfaceOrientationLandscapeLeft UIInterfaceOrientationLandscapeRight";
				INFOPLIST_KEY_UISupportedInterfaceOrientations_iPhone = "UIInterfaceOrientationPortrait UIInterfaceOrientationLandscapeLeft UIInterfaceOrientationLandscapeRight";
				LD_RUNPATH_SEARCH_PATHS = (
					"$(inherited)",
					"@executable_path/Frameworks",
				);
				MARKETING_VERSION = 1.0;
				PRODUCT_BUNDLE_IDENTIFIER = Cresus.CresusApp;
				PRODUCT_NAME = "$(TARGET_NAME)";
				SWIFT_EMIT_LOC_STRINGS = YES;
				SWIFT_VERSION = 5.0;
				TARGETED_DEVICE_FAMILY = "1,2";
			};
			name = Release;
		};
/* End XCBuildConfiguration section */

/* Begin XCConfigurationList section */
		BD43489A2A0C280700D77377 /* Build configuration list for PBXProject "CresusApp" */ = {
			isa = XCConfigurationList;
			buildConfigurations = (
				BD4348B12A0C280900D77377 /* Debug */,
				BD4348B22A0C280900D77377 /* Release */,
			);
			defaultConfigurationIsVisible = 0;
			defaultConfigurationName = Release;
		};
		BD4348B32A0C280900D77377 /* Build configuration list for PBXNativeTarget "CresusApp" */ = {
			isa = XCConfigurationList;
			buildConfigurations = (
				BD4348B42A0C280900D77377 /* Debug */,
				BD4348B52A0C280900D77377 /* Release */,
			);
			defaultConfigurationIsVisible = 0;
			defaultConfigurationName = Release;
		};
/* End XCConfigurationList section */
	};
	rootObject = BD4348972A0C280700D77377 /* Project object */;
}
